
Microsoft Visual Studio Solution File, Format Version 12.00
# Visual Studio Version 17
VisualStudioVersion = 17.14.36623.8 d17.14
MinimumVisualStudioVersion = 10.0.40219.1
Project("{888888A0-9F3D-457C-B088-3A5042F75D52}") = "rozklad minci", "rozklad minci.pyproj", "{3B34E789-F585-48A9-A97D-0604AB694DB3}"
EndProject
Global
	GlobalSection(SolutionConfigurationPlatforms) = preSolution
		Debug|Any CPU = Debug|Any CPU
		Release|Any CPU = Release|Any CPU
	EndGlobalSection
	GlobalSection(ProjectConfigurationPlatforms) = postSolution
		{3B34E789-F585-48A9-A97D-0604AB694DB3}.Debug|Any CPU.ActiveCfg = Debug|Any CPU
		{3B34E789-F585-48A9-A97D-0604AB694DB3}.Release|Any CPU.ActiveCfg = Release|Any CPU
	EndGlobalSection
	GlobalSection(SolutionProperties) = preSolution
		HideSolutionNode = FALSE
	EndGlobalSection
	GlobalSection(ExtensibilityGlobals) = postSolution
		SolutionGuid = {7EA86492-9198-4051-A3A6-14D9388913F6}
	EndGlobalSection
EndGlobal
