
Microsoft Visual Studio Solution File, Format Version 12.00
# Visual Studio Version 17
VisualStudioVersion = 17.14.36717.8 d17.14
MinimumVisualStudioVersion = 10.0.40219.1
Project("{888888A0-9F3D-457C-B088-3A5042F75D52}") = "backtrack", "backtrack.pyproj", "{A79C5E8F-29BF-4613-9A50-FEA78F96B7CE}"
EndProject
Global
	GlobalSection(SolutionConfigurationPlatforms) = preSolution
		Debug|Any CPU = Debug|Any CPU
		Release|Any CPU = Release|Any CPU
	EndGlobalSection
	GlobalSection(ProjectConfigurationPlatforms) = postSolution
		{A79C5E8F-29BF-4613-9A50-FEA78F96B7CE}.Debug|Any CPU.ActiveCfg = Debug|Any CPU
		{A79C5E8F-29BF-4613-9A50-FEA78F96B7CE}.Release|Any CPU.ActiveCfg = Release|Any CPU
	EndGlobalSection
	GlobalSection(SolutionProperties) = preSolution
		HideSolutionNode = FALSE
	EndGlobalSection
	GlobalSection(ExtensibilityGlobals) = postSolution
		SolutionGuid = {05C4BADE-7CCB-40CC-B296-CB0F17062D1F}
	EndGlobalSection
EndGlobal
