
Microsoft Visual Studio Solution File, Format Version 12.00
# Visual Studio Version 17
VisualStudioVersion = 17.14.36623.8 d17.14
MinimumVisualStudioVersion = 10.0.40219.1
Project("{888888A0-9F3D-457C-B088-3A5042F75D52}") = "rozklad minci chat", "rozklad minci chat.pyproj", "{2A01ABB2-F308-4A8D-939A-9D8D8D5163AC}"
EndProject
Global
	GlobalSection(SolutionConfigurationPlatforms) = preSolution
		Debug|Any CPU = Debug|Any CPU
		Release|Any CPU = Release|Any CPU
	EndGlobalSection
	GlobalSection(ProjectConfigurationPlatforms) = postSolution
		{2A01ABB2-F308-4A8D-939A-9D8D8D5163AC}.Debug|Any CPU.ActiveCfg = Debug|Any CPU
		{2A01ABB2-F308-4A8D-939A-9D8D8D5163AC}.Release|Any CPU.ActiveCfg = Release|Any CPU
	EndGlobalSection
	GlobalSection(SolutionProperties) = preSolution
		HideSolutionNode = FALSE
	EndGlobalSection
	GlobalSection(ExtensibilityGlobals) = postSolution
		SolutionGuid = {F114A0AE-01C3-4014-96CC-E51CE3AAD85E}
	EndGlobalSection
EndGlobal
