
Microsoft Visual Studio Solution File, Format Version 12.00
# Visual Studio Version 17
VisualStudioVersion = 17.14.36623.8 d17.14
MinimumVisualStudioVersion = 10.0.40219.1
Project("{888888A0-9F3D-457C-B088-3A5042F75D52}") = "funkcia strom", "funkcia strom.pyproj", "{2B5512E8-90E5-471A-BC86-33FE60DAFFCB}"
EndProject
Global
	GlobalSection(SolutionConfigurationPlatforms) = preSolution
		Debug|Any CPU = Debug|Any CPU
		Release|Any CPU = Release|Any CPU
	EndGlobalSection
	GlobalSection(ProjectConfigurationPlatforms) = postSolution
		{2B5512E8-90E5-471A-BC86-33FE60DAFFCB}.Debug|Any CPU.ActiveCfg = Debug|Any CPU
		{2B5512E8-90E5-471A-BC86-33FE60DAFFCB}.Release|Any CPU.ActiveCfg = Release|Any CPU
	EndGlobalSection
	GlobalSection(SolutionProperties) = preSolution
		HideSolutionNode = FALSE
	EndGlobalSection
	GlobalSection(ExtensibilityGlobals) = postSolution
		SolutionGuid = {E04B54D8-F0CF-4475-B626-3986E89265CA}
	EndGlobalSection
EndGlobal
